
Microsoft Visual Studio Solution File, Format Version 11.00
# Visual Studio 2010
Project("{8BC9CEB8-8B4A-11D0-8D11-00A0C91BC942}") = "MujocoClient", "MujocoClient.vcxproj", "{D7836B3B-2D86-488F-825C-21293F36D8C8}"
EndProject
Global
	GlobalSection(SolutionConfigurationPlatforms) = preSolution
		Debug|Win32 = Debug|Win32
		Release|Win32 = Release|Win32
	EndGlobalSection
	GlobalSection(ProjectConfigurationPlatforms) = postSolution
		{D7836B3B-2D86-488F-825C-21293F36D8C8}.Debug|Win32.ActiveCfg = Debug|Win32
		{D7836B3B-2D86-488F-825C-21293F36D8C8}.Debug|Win32.Build.0 = Debug|Win32
		{D7836B3B-2D86-488F-825C-21293F36D8C8}.Release|Win32.ActiveCfg = Release|Win32
		{D7836B3B-2D86-488F-825C-21293F36D8C8}.Release|Win32.Build.0 = Release|Win32
	EndGlobalSection
	GlobalSection(SolutionProperties) = preSolution
		HideSolutionNode = FALSE
	EndGlobalSection
EndGlobal
